{
  "socketPath": "\\\\.\\pipe\\mcp-73a943b2-a73b-4657-ae22-b32dee777bd8.sock",
  "scheme": "pipe",
  "headers": {
    "Authorization": "Nonce f61de5ca-4ffe-4103-8a42-7287f3a82062"
  },
  "pid": 19856,
  "ideName": "Visual Studio Code",
  "timestamp": 1773018069839,
  "workspaceFolders": [
    "c:\\Users\\acodu\\dev\\dotfiles"
  ],
  "isTrusted": true
}